{
  "name": "@minion-ci/file-inspector",
  "version": "1.0.0",
  "lockfileVersion": 1,
  "requires": true,
  "dependencies": {
    "@minion-ci/async-tools": {
      "version": "1.0.1",
      "resolved": "https://npm.ponglehub.co.uk/@minion-ci%2fasync-tools/-/async-tools-1.0.1.tgz",
      "integrity": "sha512-S6LAUuJd+3R0GikNK+EQzua57PYtRfkGzNaubSZD4A21PuO97M0lW5wf+cS6LYZJS7xtteh86A6PN4MuOfII9Q=="
    }
  }
}
