dependencies:
- name: pipeline-monitor
  repository: file://../../components/operators/pipeline-monitor/chart
  version: 0.1.0
- name: task-monitor
  repository: file://../../components/operators/task-monitor/chart
  version: 0.1.0
- name: version-monitor
  repository: file://../../components/operators/version-monitor/chart
  version: 0.1.0
- name: git-resource
  repository: file://../../components/resources/git-resource/chart
  version: 0.1.0
digest: sha256:546464dd4313cf14b007788756f6b11c126c38eb1605c3814300b2f1c7c4699d
generated: "2020-04-18T16:12:54.025884+01:00"
