dependencies:
- name: nginx-ingress
  repository: https://kubernetes-charts.storage.googleapis.com
  version: 1.29.2
- name: metrics-server
  repository: https://kubernetes-charts.storage.googleapis.com
  version: 2.9.0
- name: cert-manager
  repository: https://charts.jetstack.io
  version: 0.13.0
- name: docker-registry
  repository: https://kubernetes-charts.storage.googleapis.com
  version: 1.9.1
- name: verdaccio
  repository: https://charts.verdaccio.org
  version: 0.10.0
digest: sha256:b78681d0cbf8262e6b0886043330d15273ab997061796672bcbeef8966164bc7
generated: "2020-04-26T09:14:57.225318+01:00"
